
Microsoft Visual Studio Solution File, Format Version 12.00
# Visual Studio Version 16
VisualStudioVersion = 16.0.30320.27
MinimumVisualStudioVersion = 10.0.40219.1
Project("{FAE04EC0-301F-11D3-BF4B-00C04F79EFBC}") = "RestaurantRater", "RestaurantRater\RestaurantRater.csproj", "{1136E9FA-6766-4B6E-8C0F-D2F2AE82A0EA}"
EndProject
Global
	GlobalSection(SolutionConfigurationPlatforms) = preSolution
		Debug|Any CPU = Debug|Any CPU
		Release|Any CPU = Release|Any CPU
	EndGlobalSection
	GlobalSection(ProjectConfigurationPlatforms) = postSolution
		{1136E9FA-6766-4B6E-8C0F-D2F2AE82A0EA}.Debug|Any CPU.ActiveCfg = Debug|Any CPU
		{1136E9FA-6766-4B6E-8C0F-D2F2AE82A0EA}.Debug|Any CPU.Build.0 = Debug|Any CPU
		{1136E9FA-6766-4B6E-8C0F-D2F2AE82A0EA}.Release|Any CPU.ActiveCfg = Release|Any CPU
		{1136E9FA-6766-4B6E-8C0F-D2F2AE82A0EA}.Release|Any CPU.Build.0 = Release|Any CPU
	EndGlobalSection
	GlobalSection(SolutionProperties) = preSolution
		HideSolutionNode = FALSE
	EndGlobalSection
	GlobalSection(ExtensibilityGlobals) = postSolution
		SolutionGuid = {E9AAF5D5-A3CD-4529-A2EE-6136C0E909FE}
	EndGlobalSection
EndGlobal
